
Microsoft Visual Studio Solution File, Format Version 12.00
# Visual Studio 15
Project("{FAE04EC0-301F-11D3-BF4B-00C04F79EFBC}") = "Untitled-Synth-Project", "Assembly-CSharp.csproj", "{AE3ADBB7-4508-C5D0-9128-5FDB9C603C88}"
EndProject
Project("{FAE04EC0-301F-11D3-BF4B-00C04F79EFBC}") = "Untitled-Synth-Project", "Assembly-CSharp-Editor.csproj", "{02A64A42-0468-E9EF-0C83-C1844118C592}"
EndProject
Global
	GlobalSection(SolutionConfigurationPlatforms) = preSolution
		Debug|Any CPU = Debug|Any CPU
		Release|Any CPU = Release|Any CPU
	EndGlobalSection
	GlobalSection(ProjectConfigurationPlatforms) = postSolution
		{AE3ADBB7-4508-C5D0-9128-5FDB9C603C88}.Debug|Any CPU.ActiveCfg = Debug|Any CPU
		{AE3ADBB7-4508-C5D0-9128-5FDB9C603C88}.Debug|Any CPU.Build.0 = Debug|Any CPU
		{AE3ADBB7-4508-C5D0-9128-5FDB9C603C88}.Release|Any CPU.ActiveCfg = Release|Any CPU
		{AE3ADBB7-4508-C5D0-9128-5FDB9C603C88}.Release|Any CPU.Build.0 = Release|Any CPU
		{02A64A42-0468-E9EF-0C83-C1844118C592}.Debug|Any CPU.ActiveCfg = Debug|Any CPU
		{02A64A42-0468-E9EF-0C83-C1844118C592}.Debug|Any CPU.Build.0 = Debug|Any CPU
		{02A64A42-0468-E9EF-0C83-C1844118C592}.Release|Any CPU.ActiveCfg = Release|Any CPU
		{02A64A42-0468-E9EF-0C83-C1844118C592}.Release|Any CPU.Build.0 = Release|Any CPU
	EndGlobalSection
	GlobalSection(SolutionProperties) = preSolution
		HideSolutionNode = FALSE
	EndGlobalSection
EndGlobal
